
Microsoft Visual Studio Solution File, Format Version 12.00
# Visual Studio Version 16
VisualStudioVersion = 16.0.32228.343
MinimumVisualStudioVersion = 10.0.40219.1
Project("{FAE04EC0-301F-11D3-BF4B-00C04F79EFBC}") = "GuideBookProject", "GuideBookProject\GuideBookProject.csproj", "{4F199167-AA9F-4D3F-AF03-8AA6169791BC}"
EndProject
Global
	GlobalSection(SolutionConfigurationPlatforms) = preSolution
		Debug|Any CPU = Debug|Any CPU
		Release|Any CPU = Release|Any CPU
	EndGlobalSection
	GlobalSection(ProjectConfigurationPlatforms) = postSolution
		{4F199167-AA9F-4D3F-AF03-8AA6169791BC}.Debug|Any CPU.ActiveCfg = Debug|Any CPU
		{4F199167-AA9F-4D3F-AF03-8AA6169791BC}.Debug|Any CPU.Build.0 = Debug|Any CPU
		{4F199167-AA9F-4D3F-AF03-8AA6169791BC}.Release|Any CPU.ActiveCfg = Release|Any CPU
		{4F199167-AA9F-4D3F-AF03-8AA6169791BC}.Release|Any CPU.Build.0 = Release|Any CPU
	EndGlobalSection
	GlobalSection(SolutionProperties) = preSolution
		HideSolutionNode = FALSE
	EndGlobalSection
	GlobalSection(ExtensibilityGlobals) = postSolution
		SolutionGuid = {596B7EE8-4C34-49E4-862C-2606AF85BBC0}
	EndGlobalSection
EndGlobal
